// !$*UTF8*$!
{
	archiveVersion = 1;
	classes = {
	};
	objectVersion = 50;
	objects = {

/* Begin PBXBuildFile section */
		330F92B42112E4EB0059F8C9 /* AppDelegate.m in Sources */ = {isa = PBXBuildFile; fileRef = 330F92B32112E4EB0059F8C9 /* AppDelegate.m */; };
		330F92BA2112E4EB0059F8C9 /* Main.storyboard in Resources */ = {isa = PBXBuildFile; fileRef = 330F92B82112E4EB0059F8C9 /* Main.storyboard */; };
		330F92BC2112E4ED0059F8C9 /* Assets.xcassets in Resources */ = {isa = PBXBuildFile; fileRef = 330F92BB2112E4ED0059F8C9 /* Assets.xcassets */; };
		330F92BF2112E4ED0059F8C9 /* LaunchScreen.storyboard in Resources */ = {isa = PBXBuildFile; fileRef = 330F92BD2112E4ED0059F8C9 /* LaunchScreen.storyboard */; };
		330F92C22112E4ED0059F8C9 /* main.m in Sources */ = {isa = PBXBuildFile; fileRef = 330F92C12112E4ED0059F8C9 /* main.m */; };
		330F92D02112E8920059F8C9 /* HViewController.m in Sources */ = {isa = PBXBuildFile; fileRef = 330F92CF2112E8920059F8C9 /* HViewController.m */; };
		330F92D32112E8AA0059F8C9 /* HNavigationController.m in Sources */ = {isa = PBXBuildFile; fileRef = 330F92D22112E8AA0059F8C9 /* HNavigationController.m */; };
		330F92D62112E8B70059F8C9 /* HTableViewCell.m in Sources */ = {isa = PBXBuildFile; fileRef = 330F92D52112E8B70059F8C9 /* HTableViewCell.m */; };
/* End PBXBuildFile section */

/* Begin PBXFileReference section */
		330F92AF2112E4EB0059F8C9 /* PersonalAbilityDemo.app */ = {isa = PBXFileReference; explicitFileType = wrapper.application; includeInIndex = 0; path = PersonalAbilityDemo.app; sourceTree = BUILT_PRODUCTS_DIR; };
		330F92B22112E4EB0059F8C9 /* AppDelegate.h */ = {isa = PBXFileReference; lastKnownFileType = sourcecode.c.h; path = AppDelegate.h; sourceTree = "<group>"; };
		330F92B32112E4EB0059F8C9 /* AppDelegate.m */ = {isa = PBXFileReference; lastKnownFileType = sourcecode.c.objc; path = AppDelegate.m; sourceTree = "<group>"; };
		330F92B92112E4EB0059F8C9 /* Base */ = {isa = PBXFileReference; lastKnownFileType = file.storyboard; name = Base; path = Base.lproj/Main.storyboard; sourceTree = "<group>"; };
		330F92BB2112E4ED0059F8C9 /* Assets.xcassets */ = {isa = PBXFileReference; lastKnownFileType = folder.assetcatalog; path = Assets.xcassets; sourceTree = "<group>"; };
		330F92BE2112E4ED0059F8C9 /* Base */ = {isa = PBXFileReference; lastKnownFileType = file.storyboard; name = Base; path = Base.lproj/LaunchScreen.storyboard; sourceTree = "<group>"; };
		330F92C02112E4ED0059F8C9 /* Info.plist */ = {isa = PBXFileReference; lastKnownFileType = text.plist.xml; path = Info.plist; sourceTree = "<group>"; };
		330F92C12112E4ED0059F8C9 /* main.m */ = {isa = PBXFileReference; lastKnownFileType = sourcecode.c.objc; path = main.m; sourceTree = "<group>"; };
		330F92CE2112E8920059F8C9 /* HViewController.h */ = {isa = PBXFileReference; lastKnownFileType = sourcecode.c.h; path = HViewController.h; sourceTree = "<group>"; };
		330F92CF2112E8920059F8C9 /* HViewController.m */ = {isa = PBXFileReference; lastKnownFileType = sourcecode.c.objc; path = HViewController.m; sourceTree = "<group>"; };
		330F92D12112E8AA0059F8C9 /* HNavigationController.h */ = {isa = PBXFileReference; lastKnownFileType = sourcecode.c.h; path = HNavigationController.h; sourceTree = "<group>"; };
		330F92D22112E8AA0059F8C9 /* HNavigationController.m */ = {isa = PBXFileReference; lastKnownFileType = sourcecode.c.objc; path = HNavigationController.m; sourceTree = "<group>"; };
		330F92D42112E8B70059F8C9 /* HTableViewCell.h */ = {isa = PBXFileReference; lastKnownFileType = sourcecode.c.h; path = HTableViewCell.h; sourceTree = "<group>"; };
		330F92D52112E8B70059F8C9 /* HTableViewCell.m */ = {isa = PBXFileReference; lastKnownFileType = sourcecode.c.objc; path = HTableViewCell.m; sourceTree = "<group>"; };
/* End PBXFileReference section */

/* Begin PBXFrameworksBuildPhase section */
		330F92AC2112E4EB0059F8C9 /* Frameworks */ = {
			isa = PBXFrameworksBuildPhase;
			buildActionMask = 2147483647;
			files = (
			);
			runOnlyForDeploymentPostprocessing = 0;
		};
/* End PBXFrameworksBuildPhase section */

/* Begin PBXGroup section */
		330F92A62112E4EB0059F8C9 = {
			isa = PBXGroup;
			children = (
				330F92B12112E4EB0059F8C9 /* PersonalAbilityDemo */,
				330F92B02112E4EB0059F8C9 /* Products */,
			);
			sourceTree = "<group>";
		};
		330F92B02112E4EB0059F8C9 /* Products */ = {
			isa = PBXGroup;
			children = (
				330F92AF2112E4EB0059F8C9 /* PersonalAbilityDemo.app */,
			);
			name = Products;
			sourceTree = "<group>";
		};
		330F92B12112E4EB0059F8C9 /* PersonalAbilityDemo */ = {
			isa = PBXGroup;
			children = (
				330F92CD2112E87F0059F8C9 /* Core */,
				330F92CC2112E8680059F8C9 /* ARKitDemo */,
				330F92C82112E8670059F8C9 /* TreatmentInfo */,
				330F92B22112E4EB0059F8C9 /* AppDelegate.h */,
				330F92B32112E4EB0059F8C9 /* AppDelegate.m */,
				330F92B82112E4EB0059F8C9 /* Main.storyboard */,
				330F92BB2112E4ED0059F8C9 /* Assets.xcassets */,
				330F92BD2112E4ED0059F8C9 /* LaunchScreen.storyboard */,
				330F92C02112E4ED0059F8C9 /* Info.plist */,
				330F92C12112E4ED0059F8C9 /* main.m */,
			);
			path = PersonalAbilityDemo;
			sourceTree = "<group>";
		};
		330F92C82112E8670059F8C9 /* TreatmentInfo */ = {
			isa = PBXGroup;
			children = (
				330F92C92112E8670059F8C9 /* Models */,
				330F92CA2112E8670059F8C9 /* Controllers */,
				330F92CB2112E8670059F8C9 /* Views */,
			);
			path = TreatmentInfo;
			sourceTree = "<group>";
		};
		330F92C92112E8670059F8C9 /* Models */ = {
			isa = PBXGroup;
			children = (
			);
			path = Models;
			sourceTree = "<group>";
		};
		330F92CA2112E8670059F8C9 /* Controllers */ = {
			isa = PBXGroup;
			children = (
			);
			path = Controllers;
			sourceTree = "<group>";
		};
		330F92CB2112E8670059F8C9 /* Views */ = {
			isa = PBXGroup;
			children = (
			);
			path = Views;
			sourceTree = "<group>";
		};
		330F92CC2112E8680059F8C9 /* ARKitDemo */ = {
			isa = PBXGroup;
			children = (
			);
			path = ARKitDemo;
			sourceTree = "<group>";
		};
		330F92CD2112E87F0059F8C9 /* Core */ = {
			isa = PBXGroup;
			children = (
				330F92CE2112E8920059F8C9 /* HViewController.h */,
				330F92CF2112E8920059F8C9 /* HViewController.m */,
				330F92D12112E8AA0059F8C9 /* HNavigationController.h */,
				330F92D22112E8AA0059F8C9 /* HNavigationController.m */,
				330F92D42112E8B70059F8C9 /* HTableViewCell.h */,
				330F92D52112E8B70059F8C9 /* HTableViewCell.m */,
			);
			path = Core;
			sourceTree = "<group>";
		};
/* End PBXGroup section */

/* Begin PBXNativeTarget section */
		330F92AE2112E4EB0059F8C9 /* PersonalAbilityDemo */ = {
			isa = PBXNativeTarget;
			buildConfigurationList = 330F92C52112E4ED0059F8C9 /* Build configuration list for PBXNativeTarget "PersonalAbilityDemo" */;
			buildPhases = (
				330F92AB2112E4EB0059F8C9 /* Sources */,
				330F92AC2112E4EB0059F8C9 /* Frameworks */,
				330F92AD2112E4EB0059F8C9 /* Resources */,
			);
			buildRules = (
			);
			dependencies = (
			);
			name = PersonalAbilityDemo;
			productName = PersonalAbilityDemo;
			productReference = 330F92AF2112E4EB0059F8C9 /* PersonalAbilityDemo.app */;
			productType = "com.apple.product-type.application";
		};
/* End PBXNativeTarget section */

/* Begin PBXProject section */
		330F92A72112E4EB0059F8C9 /* Project object */ = {
			isa = PBXProject;
			attributes = {
				LastUpgradeCheck = 0930;
				ORGANIZATIONNAME = SunYang;
				TargetAttributes = {
					330F92AE2112E4EB0059F8C9 = {
						CreatedOnToolsVersion = 9.3;
					};
				};
			};
			buildConfigurationList = 330F92AA2112E4EB0059F8C9 /* Build configuration list for PBXProject "PersonalAbilityDemo" */;
			compatibilityVersion = "Xcode 9.3";
			developmentRegion = en;
			hasScannedForEncodings = 0;
			knownRegions = (
				en,
				Base,
			);
			mainGroup = 330F92A62112E4EB0059F8C9;
			productRefGroup = 330F92B02112E4EB0059F8C9 /* Products */;
			projectDirPath = "";
			projectRoot = "";
			targets = (
				330F92AE2112E4EB0059F8C9 /* PersonalAbilityDemo */,
			);
		};
/* End PBXProject section */

/* Begin PBXResourcesBuildPhase section */
		330F92AD2112E4EB0059F8C9 /* Resources */ = {
			isa = PBXResourcesBuildPhase;
			buildActionMask = 2147483647;
			files = (
				330F92BF2112E4ED0059F8C9 /* LaunchScreen.storyboard in Resources */,
				330F92BC2112E4ED0059F8C9 /* Assets.xcassets in Resources */,
				330F92BA2112E4EB0059F8C9 /* Main.storyboard in Resources */,
			);
			runOnlyForDeploymentPostprocessing = 0;
		};
/* End PBXResourcesBuildPhase section */

/* Begin PBXSourcesBuildPhase section */
		330F92AB2112E4EB0059F8C9 /* Sources */ = {
			isa = PBXSourcesBuildPhase;
			buildActionMask = 2147483647;
			files = (
				330F92D02112E8920059F8C9 /* HViewController.m in Sources */,
				330F92C22112E4ED0059F8C9 /* main.m in Sources */,
				330F92D32112E8AA0059F8C9 /* HNavigationController.m in Sources */,
				330F92D62112E8B70059F8C9 /* HTableViewCell.m in Sources */,
				330F92B42112E4EB0059F8C9 /* AppDelegate.m in Sources */,
			);
			runOnlyForDeploymentPostprocessing = 0;
		};
/* End PBXSourcesBuildPhase section */

/* Begin PBXVariantGroup section */
		330F92B82112E4EB0059F8C9 /* Main.storyboard */ = {
			isa = PBXVariantGroup;
			children = (
				330F92B92112E4EB0059F8C9 /* Base */,
			);
			name = Main.storyboard;
			sourceTree = "<group>";
		};
		330F92BD2112E4ED0059F8C9 /* LaunchScreen.storyboard */ = {
			isa = PBXVariantGroup;
			children = (
				330F92BE2112E4ED0059F8C9 /* Base */,
			);
			name = LaunchScreen.storyboard;
			sourceTree = "<group>";
		};
/* End PBXVariantGroup section */

/* Begin XCBuildConfiguration section */
		330F92C32112E4ED0059F8C9 /* Debug */ = {
			isa = XCBuildConfiguration;
			buildSettings = {
				ALWAYS_SEARCH_USER_PATHS = NO;
				CLANG_ANALYZER_NONNULL = YES;
				CLANG_ANALYZER_NUMBER_OBJECT_CONVERSION = YES_AGGRESSIVE;
				CLANG_CXX_LANGUAGE_STANDARD = "gnu++14";
				CLANG_CXX_LIBRARY = "libc++";
				CLANG_ENABLE_MODULES = YES;
				CLANG_ENABLE_OBJC_ARC = YES;
				CLANG_ENABLE_OBJC_WEAK = YES;
				CLANG_WARN_BLOCK_CAPTURE_AUTORELEASING = YES;
				CLANG_WARN_BOOL_CONVERSION = YES;
				CLANG_WARN_COMMA = YES;
				CLANG_WARN_CONSTANT_CONVERSION = YES;
				CLANG_WARN_DEPRECATED_OBJC_IMPLEMENTATIONS = YES;
				CLANG_WARN_DIRECT_OBJC_ISA_USAGE = YES_ERROR;
				CLANG_WARN_DOCUMENTATION_COMMENTS = YES;
				CLANG_WARN_EMPTY_BODY = YES;
				CLANG_WARN_ENUM_CONVERSION = YES;
				CLANG_WARN_INFINITE_RECURSION = YES;
				CLANG_WARN_INT_CONVERSION = YES;
				CLANG_WARN_NON_LITERAL_NULL_CONVERSION = YES;
				CLANG_WARN_OBJC_IMPLICIT_RETAIN_SELF = YES;
				CLANG_WARN_OBJC_LITERAL_CONVERSION = YES;
				CLANG_WARN_OBJC_ROOT_CLASS = YES_ERROR;
				CLANG_WARN_RANGE_LOOP_ANALYSIS = YES;
				CLANG_WARN_STRICT_PROTOTYPES = YES;
				CLANG_WARN_SUSPICIOUS_MOVE = YES;
				CLANG_WARN_UNGUARDED_AVAILABILITY = YES_AGGRESSIVE;
				CLANG_WARN_UNREACHABLE_CODE = YES;
				CLANG_WARN__DUPLICATE_METHOD_MATCH = YES;
				CODE_SIGN_IDENTITY = "iPhone Developer";
				COPY_PHASE_STRIP = NO;
				DEBUG_INFORMATION_FORMAT = dwarf;
				ENABLE_STRICT_OBJC_MSGSEND = YES;
				ENABLE_TESTABILITY = YES;
				GCC_C_LANGUAGE_STANDARD = gnu11;
				GCC_DYNAMIC_NO_PIC = NO;
				GCC_NO_COMMON_BLOCKS = YES;
				GCC_OPTIMIZATION_LEVEL = 0;
				GCC_PREPROCESSOR_DEFINITIONS = (
					"DEBUG=1",
					"$(inherited)",
				);
				GCC_WARN_64_TO_32_BIT_CONVERSION = YES;
				GCC_WARN_ABOUT_RETURN_TYPE = YES_ERROR;
				GCC_WARN_UNDECLARED_SELECTOR = YES;
				GCC_WARN_UNINITIALIZED_AUTOS = YES_AGGRESSIVE;
				GCC_WARN_UNUSED_FUNCTION = YES;
				GCC_WARN_UNUSED_VARIABLE = YES;
				IPHONEOS_DEPLOYMENT_TARGET = 11.3;
				MTL_ENABLE_DEBUG_INFO = YES;
				ONLY_ACTIVE_ARCH = YES;
				SDKROOT = iphoneos;
			};
			name = Debug;
		};
		330F92C42112E4ED0059F8C9 /* Release */ = {
			isa = XCBuildConfiguration;
			buildSettings = {
				ALWAYS_SEARCH_USER_PATHS = NO;
				CLANG_ANALYZER_NONNULL = YES;
				CLANG_ANALYZER_NUMBER_OBJECT_CONVERSION = YES_AGGRESSIVE;
				CLANG_CXX_LANGUAGE_STANDARD = "gnu++14";
				CLANG_CXX_LIBRARY = "libc++";
				CLANG_ENABLE_MODULES = YES;
				CLANG_ENABLE_OBJC_ARC = YES;
				CLANG_ENABLE_OBJC_WEAK = YES;
				CLANG_WARN_BLOCK_CAPTURE_AUTORELEASING = YES;
				CLANG_WARN_BOOL_CONVERSION = YES;
				CLANG_WARN_COMMA = YES;
				CLANG_WARN_CONSTANT_CONVERSION = YES;
				CLANG_WARN_DEPRECATED_OBJC_IMPLEMENTATIONS = YES;
				CLANG_WARN_DIRECT_OBJC_ISA_USAGE = YES_ERROR;
				CLANG_WARN_DOCUMENTATION_COMMENTS = YES;
				CLANG_WARN_EMPTY_BODY = YES;
				CLANG_WARN_ENUM_CONVERSION = YES;
				CLANG_WARN_INFINITE_RECURSION = YES;
				CLANG_WARN_INT_CONVERSION = YES;
				CLANG_WARN_NON_LITERAL_NULL_CONVERSION = YES;
				CLANG_WARN_OBJC_IMPLICIT_RETAIN_SELF = YES;
				CLANG_WARN_OBJC_LITERAL_CONVERSION = YES;
				CLANG_WARN_OBJC_ROOT_CLASS = YES_ERROR;
				CLANG_WARN_RANGE_LOOP_ANALYSIS = YES;
				CLANG_WARN_STRICT_PROTOTYPES = YES;
				CLANG_WARN_SUSPICIOUS_MOVE = YES;
				CLANG_WARN_UNGUARDED_AVAILABILITY = YES_AGGRESSIVE;
				CLANG_WARN_UNREACHABLE_CODE = YES;
				CLANG_WARN__DUPLICATE_METHOD_MATCH = YES;
				CODE_SIGN_IDENTITY = "iPhone Developer";
				COPY_PHASE_STRIP = NO;
				DEBUG_INFORMATION_FORMAT = "dwarf-with-dsym";
				ENABLE_NS_ASSERTIONS = NO;
				ENABLE_STRICT_OBJC_MSGSEND = YES;
				GCC_C_LANGUAGE_STANDARD = gnu11;
				GCC_NO_COMMON_BLOCKS = YES;
				GCC_WARN_64_TO_32_BIT_CONVERSION = YES;
				GCC_WARN_ABOUT_RETURN_TYPE = YES_ERROR;
				GCC_WARN_UNDECLARED_SELECTOR = YES;
				GCC_WARN_UNINITIALIZED_AUTOS = YES_AGGRESSIVE;
				GCC_WARN_UNUSED_FUNCTION = YES;
				GCC_WARN_UNUSED_VARIABLE = YES;
				IPHONEOS_DEPLOYMENT_TARGET = 11.3;
				MTL_ENABLE_DEBUG_INFO = NO;
				SDKROOT = iphoneos;
				VALIDATE_PRODUCT = YES;
			};
			name = Release;
		};
		330F92C62112E4ED0059F8C9 /* Debug */ = {
			isa = XCBuildConfiguration;
			buildSettings = {
				ASSETCATALOG_COMPILER_APPICON_NAME = AppIcon;
				CODE_SIGN_STYLE = Automatic;
				DEVELOPMENT_TEAM = AY6EP74J52;
				INFOPLIST_FILE = PersonalAbilityDemo/Info.plist;
				LD_RUNPATH_SEARCH_PATHS = (
					"$(inherited)",
					"@executable_path/Frameworks",
				);
				PRODUCT_BUNDLE_IDENTIFIER = com.taogu.PersonalAbilityDemo;
				PRODUCT_NAME = "$(TARGET_NAME)";
				TARGETED_DEVICE_FAMILY = "1,2";
			};
			name = Debug;
		};
		330F92C72112E4ED0059F8C9 /* Release */ = {
			isa = XCBuildConfiguration;
			buildSettings = {
				ASSETCATALOG_COMPILER_APPICON_NAME = AppIcon;
				CODE_SIGN_STYLE = Automatic;
				DEVELOPMENT_TEAM = AY6EP74J52;
				INFOPLIST_FILE = PersonalAbilityDemo/Info.plist;
				LD_RUNPATH_SEARCH_PATHS = (
					"$(inherited)",
					"@executable_path/Frameworks",
				);
				PRODUCT_BUNDLE_IDENTIFIER = com.taogu.PersonalAbilityDemo;
				PRODUCT_NAME = "$(TARGET_NAME)";
				TARGETED_DEVICE_FAMILY = "1,2";
			};
			name = Release;
		};
/* End XCBuildConfiguration section */

/* Begin XCConfigurationList section */
		330F92AA2112E4EB0059F8C9 /* Build configuration list for PBXProject "PersonalAbilityDemo" */ = {
			isa = XCConfigurationList;
			buildConfigurations = (
				330F92C32112E4ED0059F8C9 /* Debug */,
				330F92C42112E4ED0059F8C9 /* Release */,
			);
			defaultConfigurationIsVisible = 0;
			defaultConfigurationName = Release;
		};
		330F92C52112E4ED0059F8C9 /* Build configuration list for PBXNativeTarget "PersonalAbilityDemo" */ = {
			isa = XCConfigurationList;
			buildConfigurations = (
				330F92C62112E4ED0059F8C9 /* Debug */,
				330F92C72112E4ED0059F8C9 /* Release */,
			);
			defaultConfigurationIsVisible = 0;
			defaultConfigurationName = Release;
		};
/* End XCConfigurationList section */
	};
	rootObject = 330F92A72112E4EB0059F8C9 /* Project object */;
}
